
Microsoft Visual Studio Solution File, Format Version 12.00
# Visual Studio Version 17
VisualStudioVersion = 17.7.34024.191
MinimumVisualStudioVersion = 10.0.40219.1
Project("{9A19103F-16F7-4668-BE54-9A1E7A4F7556}") = "Expense_Tracking", "Expense_Tracking\Expense_Tracking.csproj", "{99692F20-4A01-47A0-AF14-23E02B8F9A9C}"
EndProject
Project("{9A19103F-16F7-4668-BE54-9A1E7A4F7556}") = "Expense_Tracking.DAL", "Expense_Tracking.DAL\Expense_Tracking.DAL.csproj", "{DE6AF5F4-AF48-4064-92D5-DEA0DD049934}"
EndProject
Project("{9A19103F-16F7-4668-BE54-9A1E7A4F7556}") = "Expense_Tracking.Domain", "Expense_Tracking.Domain\Expense_Tracking.Domain.csproj", "{5BFED34F-AC35-4741-94C3-4C46D6258862}"
EndProject
Project("{FAE04EC0-301F-11D3-BF4B-00C04F79EFBC}") = "Expense_Tracking.Service", "Expense_Tracking.Service\Expense_Tracking.Service.csproj", "{3BC9ACD8-64F1-418D-93B8-6B14C5D7EE76}"
EndProject
Global
	GlobalSection(SolutionConfigurationPlatforms) = preSolution
		Debug|Any CPU = Debug|Any CPU
		Release|Any CPU = Release|Any CPU
	EndGlobalSection
	GlobalSection(ProjectConfigurationPlatforms) = postSolution
		{99692F20-4A01-47A0-AF14-23E02B8F9A9C}.Debug|Any CPU.ActiveCfg = Debug|Any CPU
		{99692F20-4A01-47A0-AF14-23E02B8F9A9C}.Debug|Any CPU.Build.0 = Debug|Any CPU
		{99692F20-4A01-47A0-AF14-23E02B8F9A9C}.Release|Any CPU.ActiveCfg = Release|Any CPU
		{99692F20-4A01-47A0-AF14-23E02B8F9A9C}.Release|Any CPU.Build.0 = Release|Any CPU
		{DE6AF5F4-AF48-4064-92D5-DEA0DD049934}.Debug|Any CPU.ActiveCfg = Debug|Any CPU
		{DE6AF5F4-AF48-4064-92D5-DEA0DD049934}.Debug|Any CPU.Build.0 = Debug|Any CPU
		{DE6AF5F4-AF48-4064-92D5-DEA0DD049934}.Release|Any CPU.ActiveCfg = Release|Any CPU
		{DE6AF5F4-AF48-4064-92D5-DEA0DD049934}.Release|Any CPU.Build.0 = Release|Any CPU
		{5BFED34F-AC35-4741-94C3-4C46D6258862}.Debug|Any CPU.ActiveCfg = Debug|Any CPU
		{5BFED34F-AC35-4741-94C3-4C46D6258862}.Debug|Any CPU.Build.0 = Debug|Any CPU
		{5BFED34F-AC35-4741-94C3-4C46D6258862}.Release|Any CPU.ActiveCfg = Release|Any CPU
		{5BFED34F-AC35-4741-94C3-4C46D6258862}.Release|Any CPU.Build.0 = Release|Any CPU
		{3BC9ACD8-64F1-418D-93B8-6B14C5D7EE76}.Debug|Any CPU.ActiveCfg = Debug|Any CPU
		{3BC9ACD8-64F1-418D-93B8-6B14C5D7EE76}.Debug|Any CPU.Build.0 = Debug|Any CPU
		{3BC9ACD8-64F1-418D-93B8-6B14C5D7EE76}.Release|Any CPU.ActiveCfg = Release|Any CPU
		{3BC9ACD8-64F1-418D-93B8-6B14C5D7EE76}.Release|Any CPU.Build.0 = Release|Any CPU
	EndGlobalSection
	GlobalSection(SolutionProperties) = preSolution
		HideSolutionNode = FALSE
	EndGlobalSection
	GlobalSection(ExtensibilityGlobals) = postSolution
		SolutionGuid = {B03E87FD-E330-499F-A210-55ADE956DBE9}
	EndGlobalSection
EndGlobal
